Microsoft Visual Studio Solution File, Format Version 12.00
# Visual Studio Version 17
VisualStudioVersion = 17.5.2.0
MinimumVisualStudioVersion = 10.0.40219.1
Project("{FAE04EC0-301F-11D3-BF4B-00C04F79EFBC}") = "EmployeeAdministration", "EmployeeAdministration.csproj", "{17939D76-D872-5886-4529-D2634373E518}"
EndProject
Global
	GlobalSection(SolutionConfigurationPlatforms) = preSolution
		Debug|Any CPU = Debug|Any CPU
		Release|Any CPU = Release|Any CPU
	EndGlobalSection
	GlobalSection(ProjectConfigurationPlatforms) = postSolution
		{17939D76-D872-5886-4529-D2634373E518}.Debug|Any CPU.ActiveCfg = Debug|Any CPU
		{17939D76-D872-5886-4529-D2634373E518}.Debug|Any CPU.Build.0 = Debug|Any CPU
		{17939D76-D872-5886-4529-D2634373E518}.Release|Any CPU.ActiveCfg = Release|Any CPU
		{17939D76-D872-5886-4529-D2634373E518}.Release|Any CPU.Build.0 = Release|Any CPU
	EndGlobalSection
	GlobalSection(SolutionProperties) = preSolution
		HideSolutionNode = FALSE
	EndGlobalSection
	GlobalSection(ExtensibilityGlobals) = postSolution
		SolutionGuid = {BE2FC6CB-5D5C-434B-8443-D03A530A2D4D}
	EndGlobalSection
EndGlobal
